// !$*UTF8*$!
{
	archiveVersion = 1;
	classes = {
	};
	objectVersion = 50;
	objects = {

/* Begin PBXBuildFile section */
		1810C44B24CE7B6200FA81C0 /* MovieCell.xib in Resources */ = {isa = PBXBuildFile; fileRef = 1810C44924CE7B6200FA81C0 /* MovieCell.xib */; };
		1810C44D24CE7FF200FA81C0 /* Movie.swift in Sources */ = {isa = PBXBuildFile; fileRef = 1810C44C24CE7FF200FA81C0 /* Movie.swift */; };
		1810C44F24CE854200FA81C0 /* MovieCell.swift in Sources */ = {isa = PBXBuildFile; fileRef = 1810C44E24CE854200FA81C0 /* MovieCell.swift */; };
		1810C45224CE91FF00FA81C0 /* ServerPath.swift in Sources */ = {isa = PBXBuildFile; fileRef = 1810C45124CE91FF00FA81C0 /* ServerPath.swift */; };
		181ACE2624DD3C55007A4845 /* MovieTestCustomVC.swift in Sources */ = {isa = PBXBuildFile; fileRef = 181ACE2424DD3C55007A4845 /* MovieTestCustomVC.swift */; };
		181ACE2724DD3C55007A4845 /* MovieTestCustomVC.xib in Resources */ = {isa = PBXBuildFile; fileRef = 181ACE2524DD3C55007A4845 /* MovieTestCustomVC.xib */; };
		181ACE2E24DD40F2007A4845 /* MovieTestCustomCell.swift in Sources */ = {isa = PBXBuildFile; fileRef = 181ACE2C24DD40F2007A4845 /* MovieTestCustomCell.swift */; };
		181ACE2F24DD40F2007A4845 /* MovieTestCustomCell.xib in Resources */ = {isa = PBXBuildFile; fileRef = 181ACE2D24DD40F2007A4845 /* MovieTestCustomCell.xib */; };
		181ACE3124DD4C03007A4845 /* MovieCustomCell.xib in Resources */ = {isa = PBXBuildFile; fileRef = 181ACE3024DD4C03007A4845 /* MovieCustomCell.xib */; };
		181ACE3324DD4D93007A4845 /* MovieCustomCell.swift in Sources */ = {isa = PBXBuildFile; fileRef = 181ACE3224DD4D93007A4845 /* MovieCustomCell.swift */; };
		186A74C524BFE97A00982C54 /* AppDelegate.swift in Sources */ = {isa = PBXBuildFile; fileRef = 186A74C424BFE97A00982C54 /* AppDelegate.swift */; };
		186A74C724BFE97A00982C54 /* SceneDelegate.swift in Sources */ = {isa = PBXBuildFile; fileRef = 186A74C624BFE97A00982C54 /* SceneDelegate.swift */; };
		186A74CE24BFE97B00982C54 /* Assets.xcassets in Resources */ = {isa = PBXBuildFile; fileRef = 186A74CD24BFE97B00982C54 /* Assets.xcassets */; };
		186A74D124BFE97B00982C54 /* LaunchScreen.storyboard in Resources */ = {isa = PBXBuildFile; fileRef = 186A74CF24BFE97B00982C54 /* LaunchScreen.storyboard */; };
		186A74E724BFF00300982C54 /* FirstVC.swift in Sources */ = {isa = PBXBuildFile; fileRef = 186A74E524BFF00300982C54 /* FirstVC.swift */; };
		186A74E824BFF00300982C54 /* FirstVC.xib in Resources */ = {isa = PBXBuildFile; fileRef = 186A74E624BFF00300982C54 /* FirstVC.xib */; };
		186A74EB24BFFD5F00982C54 /* UserInfoVC.swift in Sources */ = {isa = PBXBuildFile; fileRef = 186A74E924BFFD5F00982C54 /* UserInfoVC.swift */; };
		186A74EC24BFFD5F00982C54 /* UserInfoVC.xib in Resources */ = {isa = PBXBuildFile; fileRef = 186A74EA24BFFD5F00982C54 /* UserInfoVC.xib */; };
		186A74EF24C141A800982C54 /* User.swift in Sources */ = {isa = PBXBuildFile; fileRef = 186A74EE24C141A800982C54 /* User.swift */; };
		186A74F224C1470000982C54 /* PhotoVC.swift in Sources */ = {isa = PBXBuildFile; fileRef = 186A74F024C1470000982C54 /* PhotoVC.swift */; };
		186A74F324C1470000982C54 /* PhotoVC.xib in Resources */ = {isa = PBXBuildFile; fileRef = 186A74F124C1470000982C54 /* PhotoVC.xib */; };
		186A74F824C16BFC00982C54 /* PhotoCell.swift in Sources */ = {isa = PBXBuildFile; fileRef = 186A74F624C16BFC00982C54 /* PhotoCell.swift */; };
		186A74F924C16BFC00982C54 /* PhotoCell.xib in Resources */ = {isa = PBXBuildFile; fileRef = 186A74F724C16BFC00982C54 /* PhotoCell.xib */; };
		188FEDEE24CFE02400495D5C /* MovieSecondVC.swift in Sources */ = {isa = PBXBuildFile; fileRef = 188FEDEC24CFE02400495D5C /* MovieSecondVC.swift */; };
		188FEDEF24CFE02400495D5C /* MovieSecondVC.xib in Resources */ = {isa = PBXBuildFile; fileRef = 188FEDED24CFE02400495D5C /* MovieSecondVC.xib */; };
		188FEDF224D0061800495D5C /* MovieSecondCell.swift in Sources */ = {isa = PBXBuildFile; fileRef = 188FEDF024D0061800495D5C /* MovieSecondCell.swift */; };
		188FEDF324D0061800495D5C /* MovieSecondCell.xib in Resources */ = {isa = PBXBuildFile; fileRef = 188FEDF124D0061800495D5C /* MovieSecondCell.xib */; };
		188FEE0A24D2672000495D5C /* TabVC.swift in Sources */ = {isa = PBXBuildFile; fileRef = 188FEE0824D2672000495D5C /* TabVC.swift */; };
		188FEE0B24D2672000495D5C /* TabVC.xib in Resources */ = {isa = PBXBuildFile; fileRef = 188FEE0924D2672000495D5C /* TabVC.xib */; };
		188FEE0E24D26CC100495D5C /* Constants.swift in Sources */ = {isa = PBXBuildFile; fileRef = 188FEE0D24D26CC100495D5C /* Constants.swift */; };
		188FEE1124D3B80300495D5C /* MovieThirdVC.swift in Sources */ = {isa = PBXBuildFile; fileRef = 188FEE0F24D3B80300495D5C /* MovieThirdVC.swift */; };
		188FEE1224D3B80300495D5C /* MovieThirdVC.xib in Resources */ = {isa = PBXBuildFile; fileRef = 188FEE1024D3B80300495D5C /* MovieThirdVC.xib */; };
		188FEE1524D3BA3B00495D5C /* MovieThirdOneCell.swift in Sources */ = {isa = PBXBuildFile; fileRef = 188FEE1324D3BA3B00495D5C /* MovieThirdOneCell.swift */; };
		188FEE1624D3BA3B00495D5C /* MovieThirdOneCell.xib in Resources */ = {isa = PBXBuildFile; fileRef = 188FEE1424D3BA3B00495D5C /* MovieThirdOneCell.xib */; };
		188FEE1924D3C95B00495D5C /* MovieThirdTwoCell.swift in Sources */ = {isa = PBXBuildFile; fileRef = 188FEE1724D3C95B00495D5C /* MovieThirdTwoCell.swift */; };
		188FEE1A24D3C95B00495D5C /* MovieThirdTwoCell.xib in Resources */ = {isa = PBXBuildFile; fileRef = 188FEE1824D3C95B00495D5C /* MovieThirdTwoCell.xib */; };
		188FEE1D24D3F87D00495D5C /* MovieFourthVC.swift in Sources */ = {isa = PBXBuildFile; fileRef = 188FEE1B24D3F87D00495D5C /* MovieFourthVC.swift */; };
		188FEE1E24D3F87D00495D5C /* MovieFourthVC.xib in Resources */ = {isa = PBXBuildFile; fileRef = 188FEE1C24D3F87D00495D5C /* MovieFourthVC.xib */; };
		188FEE2124D3FB3400495D5C /* MovieTblCell.swift in Sources */ = {isa = PBXBuildFile; fileRef = 188FEE1F24D3FB3400495D5C /* MovieTblCell.swift */; };
		188FEE2224D3FB3400495D5C /* MovieTblCell.xib in Resources */ = {isa = PBXBuildFile; fileRef = 188FEE2024D3FB3400495D5C /* MovieTblCell.xib */; };
		188FEE2524D414FA00495D5C /* MovieFifthVC.swift in Sources */ = {isa = PBXBuildFile; fileRef = 188FEE2324D414FA00495D5C /* MovieFifthVC.swift */; };
		188FEE2624D414FA00495D5C /* MovieFifthVC.xib in Resources */ = {isa = PBXBuildFile; fileRef = 188FEE2424D414FA00495D5C /* MovieFifthVC.xib */; };
		18E6483624D7B4110043A6ED /* NewsVC.swift in Sources */ = {isa = PBXBuildFile; fileRef = 18E6483424D7B4110043A6ED /* NewsVC.swift */; };
		18E6483724D7B4110043A6ED /* NewsVC.xib in Resources */ = {isa = PBXBuildFile; fileRef = 18E6483524D7B4110043A6ED /* NewsVC.xib */; };
		18E6483924D7B7D20043A6ED /* News.swift in Sources */ = {isa = PBXBuildFile; fileRef = 18E6483824D7B7D20043A6ED /* News.swift */; };
		18E6483C24D7BEA90043A6ED /* NewsCell.swift in Sources */ = {isa = PBXBuildFile; fileRef = 18E6483A24D7BEA90043A6ED /* NewsCell.swift */; };
		18E6483D24D7BEA90043A6ED /* NewsCell.xib in Resources */ = {isa = PBXBuildFile; fileRef = 18E6483B24D7BEA90043A6ED /* NewsCell.xib */; };
		18E6484324D7E95E0043A6ED /* NewsDetailVC.swift in Sources */ = {isa = PBXBuildFile; fileRef = 18E6484124D7E95E0043A6ED /* NewsDetailVC.swift */; };
		18E6484424D7E95E0043A6ED /* NewsDetailVC.xib in Resources */ = {isa = PBXBuildFile; fileRef = 18E6484224D7E95E0043A6ED /* NewsDetailVC.xib */; };
		18E6484824D90FBD0043A6ED /* HobbiesVC.swift in Sources */ = {isa = PBXBuildFile; fileRef = 18E6484624D90FBD0043A6ED /* HobbiesVC.swift */; };
		18E6484924D90FBD0043A6ED /* HobbiesVC.xib in Resources */ = {isa = PBXBuildFile; fileRef = 18E6484724D90FBD0043A6ED /* HobbiesVC.xib */; };
		18E6484D24D912080043A6ED /* HobbiesCell.swift in Sources */ = {isa = PBXBuildFile; fileRef = 18E6484B24D912080043A6ED /* HobbiesCell.swift */; };
		18E6484E24D912080043A6ED /* HobbiesCell.xib in Resources */ = {isa = PBXBuildFile; fileRef = 18E6484C24D912080043A6ED /* HobbiesCell.xib */; };
		18E6485624DA91C10043A6ED /* TestVC.swift in Sources */ = {isa = PBXBuildFile; fileRef = 18E6485424DA91C10043A6ED /* TestVC.swift */; };
		18E6485724DA91C10043A6ED /* TestVC.xib in Resources */ = {isa = PBXBuildFile; fileRef = 18E6485524DA91C10043A6ED /* TestVC.xib */; };
		18E6486124DAB02E0043A6ED /* ModalView.swift in Sources */ = {isa = PBXBuildFile; fileRef = 18E6486024DAB02E0043A6ED /* ModalView.swift */; };
		18E6486324DAB03D0043A6ED /* ModalView.xib in Resources */ = {isa = PBXBuildFile; fileRef = 18E6486224DAB03D0043A6ED /* ModalView.xib */; };
		18E6486624DABD870043A6ED /* BackGroundVC.swift in Sources */ = {isa = PBXBuildFile; fileRef = 18E6486424DABD870043A6ED /* BackGroundVC.swift */; };
		18E6486724DABD870043A6ED /* BackGroundVC.xib in Resources */ = {isa = PBXBuildFile; fileRef = 18E6486524DABD870043A6ED /* BackGroundVC.xib */; };
		18E6486B24DBEEED0043A6ED /* AlbumVC.swift in Sources */ = {isa = PBXBuildFile; fileRef = 18E6486924DBEEED0043A6ED /* AlbumVC.swift */; };
		18E6486C24DBEEED0043A6ED /* AlbumVC.xib in Resources */ = {isa = PBXBuildFile; fileRef = 18E6486A24DBEEED0043A6ED /* AlbumVC.xib */; };
		18E6487024DBEF560043A6ED /* AlbumCell.swift in Sources */ = {isa = PBXBuildFile; fileRef = 18E6486E24DBEF560043A6ED /* AlbumCell.swift */; };
		18E6487124DBEF560043A6ED /* AlbumCell.xib in Resources */ = {isa = PBXBuildFile; fileRef = 18E6486F24DBEF560043A6ED /* AlbumCell.xib */; };
		18EC04E624C47D9A00533529 /* ImageDetailVC.swift in Sources */ = {isa = PBXBuildFile; fileRef = 18EC04E424C47D9A00533529 /* ImageDetailVC.swift */; };
		18EC04E724C47D9B00533529 /* ImageDetailVC.xib in Resources */ = {isa = PBXBuildFile; fileRef = 18EC04E524C47D9A00533529 /* ImageDetailVC.xib */; };
		18FC309224C69170001A9322 /* ToDoListVC.swift in Sources */ = {isa = PBXBuildFile; fileRef = 18FC309024C69170001A9322 /* ToDoListVC.swift */; };
		18FC309324C69170001A9322 /* ToDoListVC.xib in Resources */ = {isa = PBXBuildFile; fileRef = 18FC309124C69170001A9322 /* ToDoListVC.xib */; };
		18FC309624C6924C001A9322 /* ToDoListCell.swift in Sources */ = {isa = PBXBuildFile; fileRef = 18FC309424C6924C001A9322 /* ToDoListCell.swift */; };
		18FC309724C6924C001A9322 /* ToDoListCell.xib in Resources */ = {isa = PBXBuildFile; fileRef = 18FC309524C6924C001A9322 /* ToDoListCell.xib */; };
		18FC309924C693D8001A9322 /* Task.swift in Sources */ = {isa = PBXBuildFile; fileRef = 18FC309824C693D8001A9322 /* Task.swift */; };
		18FC30CC24CE7309001A9322 /* MovieVC.swift in Sources */ = {isa = PBXBuildFile; fileRef = 18FC30CA24CE7309001A9322 /* MovieVC.swift */; };
		18FC30CD24CE7309001A9322 /* MovieVC.xib in Resources */ = {isa = PBXBuildFile; fileRef = 18FC30CB24CE7309001A9322 /* MovieVC.xib */; };
/* End PBXBuildFile section */

/* Begin PBXFileReference section */
		1810C44924CE7B6200FA81C0 /* MovieCell.xib */ = {isa = PBXFileReference; lastKnownFileType = file.xib; path = MovieCell.xib; sourceTree = "<group>"; };
		1810C44C24CE7FF200FA81C0 /* Movie.swift */ = {isa = PBXFileReference; lastKnownFileType = sourcecode.swift; path = Movie.swift; sourceTree = "<group>"; };
		1810C44E24CE854200FA81C0 /* MovieCell.swift */ = {isa = PBXFileReference; fileEncoding = 4; lastKnownFileType = sourcecode.swift; path = MovieCell.swift; sourceTree = "<group>"; };
		1810C45124CE91FF00FA81C0 /* ServerPath.swift */ = {isa = PBXFileReference; lastKnownFileType = sourcecode.swift; path = ServerPath.swift; sourceTree = "<group>"; };
		181ACE2424DD3C55007A4845 /* MovieTestCustomVC.swift */ = {isa = PBXFileReference; lastKnownFileType = sourcecode.swift; path = MovieTestCustomVC.swift; sourceTree = "<group>"; };
		181ACE2524DD3C55007A4845 /* MovieTestCustomVC.xib */ = {isa = PBXFileReference; lastKnownFileType = file.xib; path = MovieTestCustomVC.xib; sourceTree = "<group>"; };
		181ACE2C24DD40F2007A4845 /* MovieTestCustomCell.swift */ = {isa = PBXFileReference; lastKnownFileType = sourcecode.swift; path = MovieTestCustomCell.swift; sourceTree = "<group>"; };
		181ACE2D24DD40F2007A4845 /* MovieTestCustomCell.xib */ = {isa = PBXFileReference; lastKnownFileType = file.xib; path = MovieTestCustomCell.xib; sourceTree = "<group>"; };
		181ACE3024DD4C03007A4845 /* MovieCustomCell.xib */ = {isa = PBXFileReference; lastKnownFileType = file.xib; path = MovieCustomCell.xib; sourceTree = "<group>"; };
		181ACE3224DD4D93007A4845 /* MovieCustomCell.swift */ = {isa = PBXFileReference; lastKnownFileType = sourcecode.swift; path = MovieCustomCell.swift; sourceTree = "<group>"; };
		186A74C124BFE97A00982C54 /* MainPractice.app */ = {isa = PBXFileReference; explicitFileType = wrapper.application; includeInIndex = 0; path = MainPractice.app; sourceTree = BUILT_PRODUCTS_DIR; };
		186A74C424BFE97A00982C54 /* AppDelegate.swift */ = {isa = PBXFileReference; lastKnownFileType = sourcecode.swift; path = AppDelegate.swift; sourceTree = "<group>"; };
		186A74C624BFE97A00982C54 /* SceneDelegate.swift */ = {isa = PBXFileReference; lastKnownFileType = sourcecode.swift; path = SceneDelegate.swift; sourceTree = "<group>"; };
		186A74CD24BFE97B00982C54 /* Assets.xcassets */ = {isa = PBXFileReference; lastKnownFileType = folder.assetcatalog; path = Assets.xcassets; sourceTree = "<group>"; };
		186A74D024BFE97B00982C54 /* Base */ = {isa = PBXFileReference; lastKnownFileType = file.storyboard; name = Base; path = Base.lproj/LaunchScreen.storyboard; sourceTree = "<group>"; };
		186A74D224BFE97B00982C54 /* Info.plist */ = {isa = PBXFileReference; lastKnownFileType = text.plist.xml; path = Info.plist; sourceTree = "<group>"; };
		186A74E524BFF00300982C54 /* FirstVC.swift */ = {isa = PBXFileReference; lastKnownFileType = sourcecode.swift; path = FirstVC.swift; sourceTree = "<group>"; };
		186A74E624BFF00300982C54 /* FirstVC.xib */ = {isa = PBXFileReference; lastKnownFileType = file.xib; path = FirstVC.xib; sourceTree = "<group>"; };
		186A74E924BFFD5F00982C54 /* UserInfoVC.swift */ = {isa = PBXFileReference; lastKnownFileType = sourcecode.swift; path = UserInfoVC.swift; sourceTree = "<group>"; };
		186A74EA24BFFD5F00982C54 /* UserInfoVC.xib */ = {isa = PBXFileReference; lastKnownFileType = file.xib; path = UserInfoVC.xib; sourceTree = "<group>"; };
		186A74EE24C141A800982C54 /* User.swift */ = {isa = PBXFileReference; lastKnownFileType = sourcecode.swift; path = User.swift; sourceTree = "<group>"; };
		186A74F024C1470000982C54 /* PhotoVC.swift */ = {isa = PBXFileReference; lastKnownFileType = sourcecode.swift; path = PhotoVC.swift; sourceTree = "<group>"; };
		186A74F124C1470000982C54 /* PhotoVC.xib */ = {isa = PBXFileReference; lastKnownFileType = file.xib; path = PhotoVC.xib; sourceTree = "<group>"; };
		186A74F624C16BFC00982C54 /* PhotoCell.swift */ = {isa = PBXFileReference; lastKnownFileType = sourcecode.swift; path = PhotoCell.swift; sourceTree = "<group>"; };
		186A74F724C16BFC00982C54 /* PhotoCell.xib */ = {isa = PBXFileReference; lastKnownFileType = file.xib; path = PhotoCell.xib; sourceTree = "<group>"; };
		188FEDEC24CFE02400495D5C /* MovieSecondVC.swift */ = {isa = PBXFileReference; lastKnownFileType = sourcecode.swift; path = MovieSecondVC.swift; sourceTree = "<group>"; };
		188FEDED24CFE02400495D5C /* MovieSecondVC.xib */ = {isa = PBXFileReference; lastKnownFileType = file.xib; path = MovieSecondVC.xib; sourceTree = "<group>"; };
		188FEDF024D0061800495D5C /* MovieSecondCell.swift */ = {isa = PBXFileReference; lastKnownFileType = sourcecode.swift; path = MovieSecondCell.swift; sourceTree = "<group>"; };
		188FEDF124D0061800495D5C /* MovieSecondCell.xib */ = {isa = PBXFileReference; lastKnownFileType = file.xib; path = MovieSecondCell.xib; sourceTree = "<group>"; };
		188FEE0824D2672000495D5C /* TabVC.swift */ = {isa = PBXFileReference; lastKnownFileType = sourcecode.swift; path = TabVC.swift; sourceTree = "<group>"; };
		188FEE0924D2672000495D5C /* TabVC.xib */ = {isa = PBXFileReference; lastKnownFileType = file.xib; path = TabVC.xib; sourceTree = "<group>"; };
		188FEE0D24D26CC100495D5C /* Constants.swift */ = {isa = PBXFileReference; lastKnownFileType = sourcecode.swift; path = Constants.swift; sourceTree = "<group>"; };
		188FEE0F24D3B80300495D5C /* MovieThirdVC.swift */ = {isa = PBXFileReference; lastKnownFileType = sourcecode.swift; path = MovieThirdVC.swift; sourceTree = "<group>"; };
		188FEE1024D3B80300495D5C /* MovieThirdVC.xib */ = {isa = PBXFileReference; lastKnownFileType = file.xib; path = MovieThirdVC.xib; sourceTree = "<group>"; };
		188FEE1324D3BA3B00495D5C /* MovieThirdOneCell.swift */ = {isa = PBXFileReference; lastKnownFileType = sourcecode.swift; path = MovieThirdOneCell.swift; sourceTree = "<group>"; };
		188FEE1424D3BA3B00495D5C /* MovieThirdOneCell.xib */ = {isa = PBXFileReference; lastKnownFileType = file.xib; path = MovieThirdOneCell.xib; sourceTree = "<group>"; };
		188FEE1724D3C95B00495D5C /* MovieThirdTwoCell.swift */ = {isa = PBXFileReference; lastKnownFileType = sourcecode.swift; path = MovieThirdTwoCell.swift; sourceTree = "<group>"; };
		188FEE1824D3C95B00495D5C /* MovieThirdTwoCell.xib */ = {isa = PBXFileReference; lastKnownFileType = file.xib; path = MovieThirdTwoCell.xib; sourceTree = "<group>"; };
		188FEE1B24D3F87D00495D5C /* MovieFourthVC.swift */ = {isa = PBXFileReference; lastKnownFileType = sourcecode.swift; path = MovieFourthVC.swift; sourceTree = "<group>"; };
		188FEE1C24D3F87D00495D5C /* MovieFourthVC.xib */ = {isa = PBXFileReference; lastKnownFileType = file.xib; path = MovieFourthVC.xib; sourceTree = "<group>"; };
		188FEE1F24D3FB3400495D5C /* MovieTblCell.swift */ = {isa = PBXFileReference; lastKnownFileType = sourcecode.swift; path = MovieTblCell.swift; sourceTree = "<group>"; };
		188FEE2024D3FB3400495D5C /* MovieTblCell.xib */ = {isa = PBXFileReference; lastKnownFileType = file.xib; path = MovieTblCell.xib; sourceTree = "<group>"; };
		188FEE2324D414FA00495D5C /* MovieFifthVC.swift */ = {isa = PBXFileReference; lastKnownFileType = sourcecode.swift; path = MovieFifthVC.swift; sourceTree = "<group>"; };
		188FEE2424D414FA00495D5C /* MovieFifthVC.xib */ = {isa = PBXFileReference; lastKnownFileType = file.xib; path = MovieFifthVC.xib; sourceTree = "<group>"; };
		18E6483424D7B4110043A6ED /* NewsVC.swift */ = {isa = PBXFileReference; lastKnownFileType = sourcecode.swift; path = NewsVC.swift; sourceTree = "<group>"; };
		18E6483524D7B4110043A6ED /* NewsVC.xib */ = {isa = PBXFileReference; lastKnownFileType = file.xib; path = NewsVC.xib; sourceTree = "<group>"; };
		18E6483824D7B7D20043A6ED /* News.swift */ = {isa = PBXFileReference; lastKnownFileType = sourcecode.swift; path = News.swift; sourceTree = "<group>"; };
		18E6483A24D7BEA90043A6ED /* NewsCell.swift */ = {isa = PBXFileReference; lastKnownFileType = sourcecode.swift; path = NewsCell.swift; sourceTree = "<group>"; };
		18E6483B24D7BEA90043A6ED /* NewsCell.xib */ = {isa = PBXFileReference; lastKnownFileType = file.xib; path = NewsCell.xib; sourceTree = "<group>"; };
		18E6484124D7E95E0043A6ED /* NewsDetailVC.swift */ = {isa = PBXFileReference; lastKnownFileType = sourcecode.swift; path = NewsDetailVC.swift; sourceTree = "<group>"; };
		18E6484224D7E95E0043A6ED /* NewsDetailVC.xib */ = {isa = PBXFileReference; lastKnownFileType = file.xib; path = NewsDetailVC.xib; sourceTree = "<group>"; };
		18E6484624D90FBD0043A6ED /* HobbiesVC.swift */ = {isa = PBXFileReference; lastKnownFileType = sourcecode.swift; path = HobbiesVC.swift; sourceTree = "<group>"; };
		18E6484724D90FBD0043A6ED /* HobbiesVC.xib */ = {isa = PBXFileReference; lastKnownFileType = file.xib; path = HobbiesVC.xib; sourceTree = "<group>"; };
		18E6484B24D912080043A6ED /* HobbiesCell.swift */ = {isa = PBXFileReference; lastKnownFileType = sourcecode.swift; path = HobbiesCell.swift; sourceTree = "<group>"; };
		18E6484C24D912080043A6ED /* HobbiesCell.xib */ = {isa = PBXFileReference; lastKnownFileType = file.xib; path = HobbiesCell.xib; sourceTree = "<group>"; };
		18E6485424DA91C10043A6ED /* TestVC.swift */ = {isa = PBXFileReference; lastKnownFileType = sourcecode.swift; path = TestVC.swift; sourceTree = "<group>"; };
		18E6485524DA91C10043A6ED /* TestVC.xib */ = {isa = PBXFileReference; lastKnownFileType = file.xib; path = TestVC.xib; sourceTree = "<group>"; };
		18E6486024DAB02E0043A6ED /* ModalView.swift */ = {isa = PBXFileReference; lastKnownFileType = sourcecode.swift; path = ModalView.swift; sourceTree = "<group>"; };
		18E6486224DAB03D0043A6ED /* ModalView.xib */ = {isa = PBXFileReference; lastKnownFileType = file.xib; path = ModalView.xib; sourceTree = "<group>"; };
		18E6486424DABD870043A6ED /* BackGroundVC.swift */ = {isa = PBXFileReference; lastKnownFileType = sourcecode.swift; path = BackGroundVC.swift; sourceTree = "<group>"; };
		18E6486524DABD870043A6ED /* BackGroundVC.xib */ = {isa = PBXFileReference; lastKnownFileType = file.xib; path = BackGroundVC.xib; sourceTree = "<group>"; };
		18E6486924DBEEED0043A6ED /* AlbumVC.swift */ = {isa = PBXFileReference; lastKnownFileType = sourcecode.swift; path = AlbumVC.swift; sourceTree = "<group>"; };
		18E6486A24DBEEED0043A6ED /* AlbumVC.xib */ = {isa = PBXFileReference; lastKnownFileType = file.xib; path = AlbumVC.xib; sourceTree = "<group>"; };
		18E6486E24DBEF560043A6ED /* AlbumCell.swift */ = {isa = PBXFileReference; lastKnownFileType = sourcecode.swift; path = AlbumCell.swift; sourceTree = "<group>"; };
		18E6486F24DBEF560043A6ED /* AlbumCell.xib */ = {isa = PBXFileReference; lastKnownFileType = file.xib; path = AlbumCell.xib; sourceTree = "<group>"; };
		18EC04E424C47D9A00533529 /* ImageDetailVC.swift */ = {isa = PBXFileReference; lastKnownFileType = sourcecode.swift; path = ImageDetailVC.swift; sourceTree = "<group>"; };
		18EC04E524C47D9A00533529 /* ImageDetailVC.xib */ = {isa = PBXFileReference; lastKnownFileType = file.xib; path = ImageDetailVC.xib; sourceTree = "<group>"; };
		18FC309024C69170001A9322 /* ToDoListVC.swift */ = {isa = PBXFileReference; lastKnownFileType = sourcecode.swift; path = ToDoListVC.swift; sourceTree = "<group>"; };
		18FC309124C69170001A9322 /* ToDoListVC.xib */ = {isa = PBXFileReference; lastKnownFileType = file.xib; path = ToDoListVC.xib; sourceTree = "<group>"; };
		18FC309424C6924C001A9322 /* ToDoListCell.swift */ = {isa = PBXFileReference; lastKnownFileType = sourcecode.swift; path = ToDoListCell.swift; sourceTree = "<group>"; };
		18FC309524C6924C001A9322 /* ToDoListCell.xib */ = {isa = PBXFileReference; lastKnownFileType = file.xib; path = ToDoListCell.xib; sourceTree = "<group>"; };
		18FC309824C693D8001A9322 /* Task.swift */ = {isa = PBXFileReference; lastKnownFileType = sourcecode.swift; path = Task.swift; sourceTree = "<group>"; };
		18FC30CA24CE7309001A9322 /* MovieVC.swift */ = {isa = PBXFileReference; lastKnownFileType = sourcecode.swift; path = MovieVC.swift; sourceTree = "<group>"; };
		18FC30CB24CE7309001A9322 /* MovieVC.xib */ = {isa = PBXFileReference; lastKnownFileType = file.xib; path = MovieVC.xib; sourceTree = "<group>"; };
/* End PBXFileReference section */

/* Begin PBXFrameworksBuildPhase section */
		186A74BE24BFE97A00982C54 /* Frameworks */ = {
			isa = PBXFrameworksBuildPhase;
			buildActionMask = 2147483647;
			files = (
			);
			runOnlyForDeploymentPostprocessing = 0;
		};
/* End PBXFrameworksBuildPhase section */

/* Begin PBXGroup section */
		1810C45024CE91E000FA81C0 /* Enum */ = {
			isa = PBXGroup;
			children = (
				1810C45124CE91FF00FA81C0 /* ServerPath.swift */,
				188FEE0D24D26CC100495D5C /* Constants.swift */,
			);
			path = Enum;
			sourceTree = "<group>";
		};
		181ACE1924DD3019007A4845 /* MovieCustomeCell */ = {
			isa = PBXGroup;
			children = (
				181ACE1E24DD3AD2007A4845 /* Movie */,
				181ACE3024DD4C03007A4845 /* MovieCustomCell.xib */,
				181ACE3224DD4D93007A4845 /* MovieCustomCell.swift */,
			);
			path = MovieCustomeCell;
			sourceTree = "<group>";
		};
		181ACE1E24DD3AD2007A4845 /* Movie */ = {
			isa = PBXGroup;
			children = (
				181ACE2424DD3C55007A4845 /* MovieTestCustomVC.swift */,
				181ACE2524DD3C55007A4845 /* MovieTestCustomVC.xib */,
				181ACE1F24DD3AE4007A4845 /* Cell */,
			);
			path = Movie;
			sourceTree = "<group>";
		};
		181ACE1F24DD3AE4007A4845 /* Cell */ = {
			isa = PBXGroup;
			children = (
				181ACE2C24DD40F2007A4845 /* MovieTestCustomCell.swift */,
				181ACE2D24DD40F2007A4845 /* MovieTestCustomCell.xib */,
			);
			path = Cell;
			sourceTree = "<group>";
		};
		186A74B824BFE97A00982C54 = {
			isa = PBXGroup;
			children = (
				186A74C324BFE97A00982C54 /* MainPractice */,
				186A74C224BFE97A00982C54 /* Products */,
			);
			sourceTree = "<group>";
		};
		186A74C224BFE97A00982C54 /* Products */ = {
			isa = PBXGroup;
			children = (
				186A74C124BFE97A00982C54 /* MainPractice.app */,
			);
			name = Products;
			sourceTree = "<group>";
		};
		186A74C324BFE97A00982C54 /* MainPractice */ = {
			isa = PBXGroup;
			children = (
				181ACE1924DD3019007A4845 /* MovieCustomeCell */,
				18E6486824DBEE7E0043A6ED /* Album */,
				18E6485324DA91110043A6ED /* CustomeView */,
				18E6484524D90F100043A6ED /* AutoSizeCollectionView */,
				18E6483E24D7E8C30043A6ED /* News */,
				188FEE0C24D268A000495D5C /* TAB */,
				188FEDEA24CFC2C000495D5C /* Movie */,
				1810C45024CE91E000FA81C0 /* Enum */,
				18FC30C224C975A9001A9322 /* ToDoListVC */,
				18EC04E824C47DFD00533529 /* ImageDetail */,
				18EC04E324C4798000533529 /* First */,
				18EC04E224C4795F00533529 /* UserInfo */,
				18EC04E024C4787700533529 /* Photo */,
				186A74ED24C1418500982C54 /* Model */,
				186A74C424BFE97A00982C54 /* AppDelegate.swift */,
				186A74C624BFE97A00982C54 /* SceneDelegate.swift */,
				186A74CD24BFE97B00982C54 /* Assets.xcassets */,
				186A74CF24BFE97B00982C54 /* LaunchScreen.storyboard */,
				186A74D224BFE97B00982C54 /* Info.plist */,
			);
			path = MainPractice;
			sourceTree = "<group>";
		};
		186A74ED24C1418500982C54 /* Model */ = {
			isa = PBXGroup;
			children = (
				186A74EE24C141A800982C54 /* User.swift */,
				18E6483824D7B7D20043A6ED /* News.swift */,
				18FC309824C693D8001A9322 /* Task.swift */,
				1810C44C24CE7FF200FA81C0 /* Movie.swift */,
			);
			path = Model;
			sourceTree = "<group>";
		};
		188FEDEA24CFC2C000495D5C /* Movie */ = {
			isa = PBXGroup;
			children = (
				188FEDEB24CFC77F00495D5C /* Cell */,
				18FC30CA24CE7309001A9322 /* MovieVC.swift */,
				188FEE0F24D3B80300495D5C /* MovieThirdVC.swift */,
				188FEE1B24D3F87D00495D5C /* MovieFourthVC.swift */,
				188FEE1C24D3F87D00495D5C /* MovieFourthVC.xib */,
				188FEE1024D3B80300495D5C /* MovieThirdVC.xib */,
				188FEDEC24CFE02400495D5C /* MovieSecondVC.swift */,
				188FEE2324D414FA00495D5C /* MovieFifthVC.swift */,
				188FEE2424D414FA00495D5C /* MovieFifthVC.xib */,
				188FEDED24CFE02400495D5C /* MovieSecondVC.xib */,
				18FC30CB24CE7309001A9322 /* MovieVC.xib */,
			);
			path = Movie;
			sourceTree = "<group>";
		};
		188FEDEB24CFC77F00495D5C /* Cell */ = {
			isa = PBXGroup;
			children = (
				188FEE1324D3BA3B00495D5C /* MovieThirdOneCell.swift */,
				188FEE1424D3BA3B00495D5C /* MovieThirdOneCell.xib */,
				1810C44924CE7B6200FA81C0 /* MovieCell.xib */,
				1810C44E24CE854200FA81C0 /* MovieCell.swift */,
				188FEE1F24D3FB3400495D5C /* MovieTblCell.swift */,
				188FEE2024D3FB3400495D5C /* MovieTblCell.xib */,
				188FEE1724D3C95B00495D5C /* MovieThirdTwoCell.swift */,
				188FEE1824D3C95B00495D5C /* MovieThirdTwoCell.xib */,
				188FEDF024D0061800495D5C /* MovieSecondCell.swift */,
				188FEDF124D0061800495D5C /* MovieSecondCell.xib */,
			);
			path = Cell;
			sourceTree = "<group>";
		};
		188FEE0C24D268A000495D5C /* TAB */ = {
			isa = PBXGroup;
			children = (
				188FEE0824D2672000495D5C /* TabVC.swift */,
				188FEE0924D2672000495D5C /* TabVC.xib */,
			);
			path = TAB;
			sourceTree = "<group>";
		};
		18E6483E24D7E8C30043A6ED /* News */ = {
			isa = PBXGroup;
			children = (
				18E6484024D7E9340043A6ED /* Detail */,
				18E6483F24D7E8E70043A6ED /* Cell */,
				18E6483424D7B4110043A6ED /* NewsVC.swift */,
				18E6483524D7B4110043A6ED /* NewsVC.xib */,
			);
			path = News;
			sourceTree = "<group>";
		};
		18E6483F24D7E8E70043A6ED /* Cell */ = {
			isa = PBXGroup;
			children = (
				18E6483A24D7BEA90043A6ED /* NewsCell.swift */,
				18E6483B24D7BEA90043A6ED /* NewsCell.xib */,
			);
			path = Cell;
			sourceTree = "<group>";
		};
		18E6484024D7E9340043A6ED /* Detail */ = {
			isa = PBXGroup;
			children = (
				18E6484124D7E95E0043A6ED /* NewsDetailVC.swift */,
				18E6484224D7E95E0043A6ED /* NewsDetailVC.xib */,
			);
			path = Detail;
			sourceTree = "<group>";
		};
		18E6484524D90F100043A6ED /* AutoSizeCollectionView */ = {
			isa = PBXGroup;
			children = (
				18E6484A24D911DF0043A6ED /*  Cell */,
				18E6484624D90FBD0043A6ED /* HobbiesVC.swift */,
				18E6484724D90FBD0043A6ED /* HobbiesVC.xib */,
			);
			path = AutoSizeCollectionView;
			sourceTree = "<group>";
		};
		18E6484A24D911DF0043A6ED /*  Cell */ = {
			isa = PBXGroup;
			children = (
				18E6484B24D912080043A6ED /* HobbiesCell.swift */,
				18E6484C24D912080043A6ED /* HobbiesCell.xib */,
			);
			path = " Cell";
			sourceTree = "<group>";
		};
		18E6485324DA91110043A6ED /* CustomeView */ = {
			isa = PBXGroup;
			children = (
				18E6485424DA91C10043A6ED /* TestVC.swift */,
				18E6485524DA91C10043A6ED /* TestVC.xib */,
				18E6486024DAB02E0043A6ED /* ModalView.swift */,
				18E6486224DAB03D0043A6ED /* ModalView.xib */,
				18E6486424DABD870043A6ED /* BackGroundVC.swift */,
				18E6486524DABD870043A6ED /* BackGroundVC.xib */,
			);
			path = CustomeView;
			sourceTree = "<group>";
		};
		18E6486824DBEE7E0043A6ED /* Album */ = {
			isa = PBXGroup;
			children = (
				18E6486D24DBEF340043A6ED /* Cell */,
				18E6486924DBEEED0043A6ED /* AlbumVC.swift */,
				18E6486A24DBEEED0043A6ED /* AlbumVC.xib */,
			);
			path = Album;
			sourceTree = "<group>";
		};
		18E6486D24DBEF340043A6ED /* Cell */ = {
			isa = PBXGroup;
			children = (
				18E6486E24DBEF560043A6ED /* AlbumCell.swift */,
				18E6486F24DBEF560043A6ED /* AlbumCell.xib */,
			);
			path = Cell;
			sourceTree = "<group>";
		};
		18EC04E024C4787700533529 /* Photo */ = {
			isa = PBXGroup;
			children = (
				18EC04E124C4794000533529 /* Cell */,
				186A74F024C1470000982C54 /* PhotoVC.swift */,
				186A74F124C1470000982C54 /* PhotoVC.xib */,
			);
			path = Photo;
			sourceTree = "<group>";
		};
		18EC04E124C4794000533529 /* Cell */ = {
			isa = PBXGroup;
			children = (
				186A74F624C16BFC00982C54 /* PhotoCell.swift */,
				186A74F724C16BFC00982C54 /* PhotoCell.xib */,
			);
			path = Cell;
			sourceTree = "<group>";
		};
		18EC04E224C4795F00533529 /* UserInfo */ = {
			isa = PBXGroup;
			children = (
				186A74E924BFFD5F00982C54 /* UserInfoVC.swift */,
				186A74EA24BFFD5F00982C54 /* UserInfoVC.xib */,
			);
			path = UserInfo;
			sourceTree = "<group>";
		};
		18EC04E324C4798000533529 /* First */ = {
			isa = PBXGroup;
			children = (
				186A74E524BFF00300982C54 /* FirstVC.swift */,
				186A74E624BFF00300982C54 /* FirstVC.xib */,
			);
			path = First;
			sourceTree = "<group>";
		};
		18EC04E824C47DFD00533529 /* ImageDetail */ = {
			isa = PBXGroup;
			children = (
				18EC04E424C47D9A00533529 /* ImageDetailVC.swift */,
				18EC04E524C47D9A00533529 /* ImageDetailVC.xib */,
			);
			path = ImageDetail;
			sourceTree = "<group>";
		};
		18FC30C224C975A9001A9322 /* ToDoListVC */ = {
			isa = PBXGroup;
			children = (
				18FC309024C69170001A9322 /* ToDoListVC.swift */,
				18FC309124C69170001A9322 /* ToDoListVC.xib */,
				18FC30C324C975BC001A9322 /* ToDoListCell */,
			);
			path = ToDoListVC;
			sourceTree = "<group>";
		};
		18FC30C324C975BC001A9322 /* ToDoListCell */ = {
			isa = PBXGroup;
			children = (
				18FC309424C6924C001A9322 /* ToDoListCell.swift */,
				18FC309524C6924C001A9322 /* ToDoListCell.xib */,
			);
			path = ToDoListCell;
			sourceTree = "<group>";
		};
/* End PBXGroup section */

/* Begin PBXNativeTarget section */
		186A74C024BFE97A00982C54 /* MainPractice */ = {
			isa = PBXNativeTarget;
			buildConfigurationList = 186A74D524BFE97B00982C54 /* Build configuration list for PBXNativeTarget "MainPractice" */;
			buildPhases = (
				186A74BD24BFE97A00982C54 /* Sources */,
				186A74BE24BFE97A00982C54 /* Frameworks */,
				186A74BF24BFE97A00982C54 /* Resources */,
			);
			buildRules = (
			);
			dependencies = (
			);
			name = MainPractice;
			productName = MainPractice;
			productReference = 186A74C124BFE97A00982C54 /* MainPractice.app */;
			productType = "com.apple.product-type.application";
		};
/* End PBXNativeTarget section */

/* Begin PBXProject section */
		186A74B924BFE97A00982C54 /* Project object */ = {
			isa = PBXProject;
			attributes = {
				LastSwiftUpdateCheck = 1150;
				LastUpgradeCheck = 1150;
				ORGANIZATIONNAME = NguyenDucLuu;
				TargetAttributes = {
					186A74C024BFE97A00982C54 = {
						CreatedOnToolsVersion = 11.5;
					};
				};
			};
			buildConfigurationList = 186A74BC24BFE97A00982C54 /* Build configuration list for PBXProject "MainPractice" */;
			compatibilityVersion = "Xcode 9.3";
			developmentRegion = en;
			hasScannedForEncodings = 0;
			knownRegions = (
				en,
				Base,
			);
			mainGroup = 186A74B824BFE97A00982C54;
			productRefGroup = 186A74C224BFE97A00982C54 /* Products */;
			projectDirPath = "";
			projectRoot = "";
			targets = (
				186A74C024BFE97A00982C54 /* MainPractice */,
			);
		};
/* End PBXProject section */

/* Begin PBXResourcesBuildPhase section */
		186A74BF24BFE97A00982C54 /* Resources */ = {
			isa = PBXResourcesBuildPhase;
			buildActionMask = 2147483647;
			files = (
				181ACE2724DD3C55007A4845 /* MovieTestCustomVC.xib in Resources */,
				18E6486C24DBEEED0043A6ED /* AlbumVC.xib in Resources */,
				186A74D124BFE97B00982C54 /* LaunchScreen.storyboard in Resources */,
				18EC04E724C47D9B00533529 /* ImageDetailVC.xib in Resources */,
				18E6486324DAB03D0043A6ED /* ModalView.xib in Resources */,
				18E6485724DA91C10043A6ED /* TestVC.xib in Resources */,
				188FEE1A24D3C95B00495D5C /* MovieThirdTwoCell.xib in Resources */,
				188FEE1224D3B80300495D5C /* MovieThirdVC.xib in Resources */,
				18E6487124DBEF560043A6ED /* AlbumCell.xib in Resources */,
				18E6483D24D7BEA90043A6ED /* NewsCell.xib in Resources */,
				18E6486724DABD870043A6ED /* BackGroundVC.xib in Resources */,
				18FC309324C69170001A9322 /* ToDoListVC.xib in Resources */,
				18FC30CD24CE7309001A9322 /* MovieVC.xib in Resources */,
				18FC309724C6924C001A9322 /* ToDoListCell.xib in Resources */,
				188FEE2624D414FA00495D5C /* MovieFifthVC.xib in Resources */,
				186A74E824BFF00300982C54 /* FirstVC.xib in Resources */,
				1810C44B24CE7B6200FA81C0 /* MovieCell.xib in Resources */,
				181ACE2F24DD40F2007A4845 /* MovieTestCustomCell.xib in Resources */,
				18E6484924D90FBD0043A6ED /* HobbiesVC.xib in Resources */,
				186A74CE24BFE97B00982C54 /* Assets.xcassets in Resources */,
				188FEDF324D0061800495D5C /* MovieSecondCell.xib in Resources */,
				18E6484424D7E95E0043A6ED /* NewsDetailVC.xib in Resources */,
				186A74F324C1470000982C54 /* PhotoVC.xib in Resources */,
				186A74EC24BFFD5F00982C54 /* UserInfoVC.xib in Resources */,
				181ACE3124DD4C03007A4845 /* MovieCustomCell.xib in Resources */,
				188FEE1E24D3F87D00495D5C /* MovieFourthVC.xib in Resources */,
				18E6484E24D912080043A6ED /* HobbiesCell.xib in Resources */,
				186A74F924C16BFC00982C54 /* PhotoCell.xib in Resources */,
				188FEE2224D3FB3400495D5C /* MovieTblCell.xib in Resources */,
				188FEE0B24D2672000495D5C /* TabVC.xib in Resources */,
				18E6483724D7B4110043A6ED /* NewsVC.xib in Resources */,
				188FEE1624D3BA3B00495D5C /* MovieThirdOneCell.xib in Resources */,
				188FEDEF24CFE02400495D5C /* MovieSecondVC.xib in Resources */,
			);
			runOnlyForDeploymentPostprocessing = 0;
		};
/* End PBXResourcesBuildPhase section */

/* Begin PBXSourcesBuildPhase section */
		186A74BD24BFE97A00982C54 /* Sources */ = {
			isa = PBXSourcesBuildPhase;
			buildActionMask = 2147483647;
			files = (
				18E6485624DA91C10043A6ED /* TestVC.swift in Sources */,
				1810C44F24CE854200FA81C0 /* MovieCell.swift in Sources */,
				188FEE1124D3B80300495D5C /* MovieThirdVC.swift in Sources */,
				18E6484D24D912080043A6ED /* HobbiesCell.swift in Sources */,
				188FEE0E24D26CC100495D5C /* Constants.swift in Sources */,
				1810C44D24CE7FF200FA81C0 /* Movie.swift in Sources */,
				18E6486B24DBEEED0043A6ED /* AlbumVC.swift in Sources */,
				188FEE1524D3BA3B00495D5C /* MovieThirdOneCell.swift in Sources */,
				186A74F824C16BFC00982C54 /* PhotoCell.swift in Sources */,
				188FEDEE24CFE02400495D5C /* MovieSecondVC.swift in Sources */,
				18E6483624D7B4110043A6ED /* NewsVC.swift in Sources */,
				188FEE1924D3C95B00495D5C /* MovieThirdTwoCell.swift in Sources */,
				186A74E724BFF00300982C54 /* FirstVC.swift in Sources */,
				18E6483C24D7BEA90043A6ED /* NewsCell.swift in Sources */,
				186A74EF24C141A800982C54 /* User.swift in Sources */,
				18E6486624DABD870043A6ED /* BackGroundVC.swift in Sources */,
				18E6484324D7E95E0043A6ED /* NewsDetailVC.swift in Sources */,
				181ACE3324DD4D93007A4845 /* MovieCustomCell.swift in Sources */,
				18FC309624C6924C001A9322 /* ToDoListCell.swift in Sources */,
				18FC309924C693D8001A9322 /* Task.swift in Sources */,
				188FEE0A24D2672000495D5C /* TabVC.swift in Sources */,
				181ACE2624DD3C55007A4845 /* MovieTestCustomVC.swift in Sources */,
				188FEE2524D414FA00495D5C /* MovieFifthVC.swift in Sources */,
				18E6486124DAB02E0043A6ED /* ModalView.swift in Sources */,
				186A74C524BFE97A00982C54 /* AppDelegate.swift in Sources */,
				186A74C724BFE97A00982C54 /* SceneDelegate.swift in Sources */,
				1810C45224CE91FF00FA81C0 /* ServerPath.swift in Sources */,
				18EC04E624C47D9A00533529 /* ImageDetailVC.swift in Sources */,
				18FC309224C69170001A9322 /* ToDoListVC.swift in Sources */,
				181ACE2E24DD40F2007A4845 /* MovieTestCustomCell.swift in Sources */,
				188FEDF224D0061800495D5C /* MovieSecondCell.swift in Sources */,
				18E6483924D7B7D20043A6ED /* News.swift in Sources */,
				18FC30CC24CE7309001A9322 /* MovieVC.swift in Sources */,
				186A74EB24BFFD5F00982C54 /* UserInfoVC.swift in Sources */,
				186A74F224C1470000982C54 /* PhotoVC.swift in Sources */,
				188FEE1D24D3F87D00495D5C /* MovieFourthVC.swift in Sources */,
				188FEE2124D3FB3400495D5C /* MovieTblCell.swift in Sources */,
				18E6484824D90FBD0043A6ED /* HobbiesVC.swift in Sources */,
				18E6487024DBEF560043A6ED /* AlbumCell.swift in Sources */,
			);
			runOnlyForDeploymentPostprocessing = 0;
		};
/* End PBXSourcesBuildPhase section */

/* Begin PBXVariantGroup section */
		186A74CF24BFE97B00982C54 /* LaunchScreen.storyboard */ = {
			isa = PBXVariantGroup;
			children = (
				186A74D024BFE97B00982C54 /* Base */,
			);
			name = LaunchScreen.storyboard;
			sourceTree = "<group>";
		};
/* End PBXVariantGroup section */

/* Begin XCBuildConfiguration section */
		186A74D324BFE97B00982C54 /* Debug */ = {
			isa = XCBuildConfiguration;
			buildSettings = {
				ALWAYS_SEARCH_USER_PATHS = NO;
				CLANG_ANALYZER_NONNULL = YES;
				CLANG_ANALYZER_NUMBER_OBJECT_CONVERSION = YES_AGGRESSIVE;
				CLANG_CXX_LANGUAGE_STANDARD = "gnu++14";
				CLANG_CXX_LIBRARY = "libc++";
				CLANG_ENABLE_MODULES = YES;
				CLANG_ENABLE_OBJC_ARC = YES;
				CLANG_ENABLE_OBJC_WEAK = YES;
				CLANG_WARN_BLOCK_CAPTURE_AUTORELEASING = YES;
				CLANG_WARN_BOOL_CONVERSION = YES;
				CLANG_WARN_COMMA = YES;
				CLANG_WARN_CONSTANT_CONVERSION = YES;
				CLANG_WARN_DEPRECATED_OBJC_IMPLEMENTATIONS = YES;
				CLANG_WARN_DIRECT_OBJC_ISA_USAGE = YES_ERROR;
				CLANG_WARN_DOCUMENTATION_COMMENTS = YES;
				CLANG_WARN_EMPTY_BODY = YES;
				CLANG_WARN_ENUM_CONVERSION = YES;
				CLANG_WARN_INFINITE_RECURSION = YES;
				CLANG_WARN_INT_CONVERSION = YES;
				CLANG_WARN_NON_LITERAL_NULL_CONVERSION = YES;
				CLANG_WARN_OBJC_IMPLICIT_RETAIN_SELF = YES;
				CLANG_WARN_OBJC_LITERAL_CONVERSION = YES;
				CLANG_WARN_OBJC_ROOT_CLASS = YES_ERROR;
				CLANG_WARN_RANGE_LOOP_ANALYSIS = YES;
				CLANG_WARN_STRICT_PROTOTYPES = YES;
				CLANG_WARN_SUSPICIOUS_MOVE = YES;
				CLANG_WARN_UNGUARDED_AVAILABILITY = YES_AGGRESSIVE;
				CLANG_WARN_UNREACHABLE_CODE = YES;
				CLANG_WARN__DUPLICATE_METHOD_MATCH = YES;
				COPY_PHASE_STRIP = NO;
				DEBUG_INFORMATION_FORMAT = dwarf;
				ENABLE_STRICT_OBJC_MSGSEND = YES;
				ENABLE_TESTABILITY = YES;
				GCC_C_LANGUAGE_STANDARD = gnu11;
				GCC_DYNAMIC_NO_PIC = NO;
				GCC_NO_COMMON_BLOCKS = YES;
				GCC_OPTIMIZATION_LEVEL = 0;
				GCC_PREPROCESSOR_DEFINITIONS = (
					"DEBUG=1",
					"$(inherited)",
				);
				GCC_WARN_64_TO_32_BIT_CONVERSION = YES;
				GCC_WARN_ABOUT_RETURN_TYPE = YES_ERROR;
				GCC_WARN_UNDECLARED_SELECTOR = YES;
				GCC_WARN_UNINITIALIZED_AUTOS = YES_AGGRESSIVE;
				GCC_WARN_UNUSED_FUNCTION = YES;
				GCC_WARN_UNUSED_VARIABLE = YES;
				IPHONEOS_DEPLOYMENT_TARGET = 13.5;
				MTL_ENABLE_DEBUG_INFO = INCLUDE_SOURCE;
				MTL_FAST_MATH = YES;
				ONLY_ACTIVE_ARCH = YES;
				SDKROOT = iphoneos;
				SWIFT_ACTIVE_COMPILATION_CONDITIONS = DEBUG;
				SWIFT_OPTIMIZATION_LEVEL = "-Onone";
			};
			name = Debug;
		};
		186A74D424BFE97B00982C54 /* Release */ = {
			isa = XCBuildConfiguration;
			buildSettings = {
				ALWAYS_SEARCH_USER_PATHS = NO;
				CLANG_ANALYZER_NONNULL = YES;
				CLANG_ANALYZER_NUMBER_OBJECT_CONVERSION = YES_AGGRESSIVE;
				CLANG_CXX_LANGUAGE_STANDARD = "gnu++14";
				CLANG_CXX_LIBRARY = "libc++";
				CLANG_ENABLE_MODULES = YES;
				CLANG_ENABLE_OBJC_ARC = YES;
				CLANG_ENABLE_OBJC_WEAK = YES;
				CLANG_WARN_BLOCK_CAPTURE_AUTORELEASING = YES;
				CLANG_WARN_BOOL_CONVERSION = YES;
				CLANG_WARN_COMMA = YES;
				CLANG_WARN_CONSTANT_CONVERSION = YES;
				CLANG_WARN_DEPRECATED_OBJC_IMPLEMENTATIONS = YES;
				CLANG_WARN_DIRECT_OBJC_ISA_USAGE = YES_ERROR;
				CLANG_WARN_DOCUMENTATION_COMMENTS = YES;
				CLANG_WARN_EMPTY_BODY = YES;
				CLANG_WARN_ENUM_CONVERSION = YES;
				CLANG_WARN_INFINITE_RECURSION = YES;
				CLANG_WARN_INT_CONVERSION = YES;
				CLANG_WARN_NON_LITERAL_NULL_CONVERSION = YES;
				CLANG_WARN_OBJC_IMPLICIT_RETAIN_SELF = YES;
				CLANG_WARN_OBJC_LITERAL_CONVERSION = YES;
				CLANG_WARN_OBJC_ROOT_CLASS = YES_ERROR;
				CLANG_WARN_RANGE_LOOP_ANALYSIS = YES;
				CLANG_WARN_STRICT_PROTOTYPES = YES;
				CLANG_WARN_SUSPICIOUS_MOVE = YES;
				CLANG_WARN_UNGUARDED_AVAILABILITY = YES_AGGRESSIVE;
				CLANG_WARN_UNREACHABLE_CODE = YES;
				CLANG_WARN__DUPLICATE_METHOD_MATCH = YES;
				COPY_PHASE_STRIP = NO;
				DEBUG_INFORMATION_FORMAT = "dwarf-with-dsym";
				ENABLE_NS_ASSERTIONS = NO;
				ENABLE_STRICT_OBJC_MSGSEND = YES;
				GCC_C_LANGUAGE_STANDARD = gnu11;
				GCC_NO_COMMON_BLOCKS = YES;
				GCC_WARN_64_TO_32_BIT_CONVERSION = YES;
				GCC_WARN_ABOUT_RETURN_TYPE = YES_ERROR;
				GCC_WARN_UNDECLARED_SELECTOR = YES;
				GCC_WARN_UNINITIALIZED_AUTOS = YES_AGGRESSIVE;
				GCC_WARN_UNUSED_FUNCTION = YES;
				GCC_WARN_UNUSED_VARIABLE = YES;
				IPHONEOS_DEPLOYMENT_TARGET = 13.5;
				MTL_ENABLE_DEBUG_INFO = NO;
				MTL_FAST_MATH = YES;
				SDKROOT = iphoneos;
				SWIFT_COMPILATION_MODE = wholemodule;
				SWIFT_OPTIMIZATION_LEVEL = "-O";
				VALIDATE_PRODUCT = YES;
			};
			name = Release;
		};
		186A74D624BFE97B00982C54 /* Debug */ = {
			isa = XCBuildConfiguration;
			buildSettings = {
				ASSETCATALOG_COMPILER_APPICON_NAME = AppIcon;
				CODE_SIGN_STYLE = Automatic;
				DEVELOPMENT_TEAM = 5KKMTY5A4D;
				INFOPLIST_FILE = MainPractice/Info.plist;
				LD_RUNPATH_SEARCH_PATHS = (
					"$(inherited)",
					"@executable_path/Frameworks",
				);
				PRODUCT_BUNDLE_IDENTIFIER = com.luunguyenduc1995.demoCollectionView;
				PRODUCT_NAME = "$(TARGET_NAME)";
				SWIFT_VERSION = 5.0;
				TARGETED_DEVICE_FAMILY = "1,2";
			};
			name = Debug;
		};
		186A74D724BFE97B00982C54 /* Release */ = {
			isa = XCBuildConfiguration;
			buildSettings = {
				ASSETCATALOG_COMPILER_APPICON_NAME = AppIcon;
				CODE_SIGN_STYLE = Automatic;
				DEVELOPMENT_TEAM = 5KKMTY5A4D;
				INFOPLIST_FILE = MainPractice/Info.plist;
				LD_RUNPATH_SEARCH_PATHS = (
					"$(inherited)",
					"@executable_path/Frameworks",
				);
				PRODUCT_BUNDLE_IDENTIFIER = com.luunguyenduc1995.demoCollectionView;
				PRODUCT_NAME = "$(TARGET_NAME)";
				SWIFT_VERSION = 5.0;
				TARGETED_DEVICE_FAMILY = "1,2";
			};
			name = Release;
		};
/* End XCBuildConfiguration section */

/* Begin XCConfigurationList section */
		186A74BC24BFE97A00982C54 /* Build configuration list for PBXProject "MainPractice" */ = {
			isa = XCConfigurationList;
			buildConfigurations = (
				186A74D324BFE97B00982C54 /* Debug */,
				186A74D424BFE97B00982C54 /* Release */,
			);
			defaultConfigurationIsVisible = 0;
			defaultConfigurationName = Release;
		};
		186A74D524BFE97B00982C54 /* Build configuration list for PBXNativeTarget "MainPractice" */ = {
			isa = XCConfigurationList;
			buildConfigurations = (
				186A74D624BFE97B00982C54 /* Debug */,
				186A74D724BFE97B00982C54 /* Release */,
			);
			defaultConfigurationIsVisible = 0;
			defaultConfigurationName = Release;
		};
/* End XCConfigurationList section */
	};
	rootObject = 186A74B924BFE97A00982C54 /* Project object */;
}
